
Microsoft Visual Studio Solution File, Format Version 12.00
# Visual Studio 15
VisualStudioVersion = 15.0.28307.329
MinimumVisualStudioVersion = 10.0.40219.1
Project("{FAE04EC0-301F-11D3-BF4B-00C04F79EFBC}") = "QuickSort", "QuickSort\QuickSort.csproj", "{A9336B6D-01F4-4666-879A-1CB145E63AAB}"
EndProject
Global
	GlobalSection(SolutionConfigurationPlatforms) = preSolution
		Debug|Any CPU = Debug|Any CPU
		Release|Any CPU = Release|Any CPU
	EndGlobalSection
	GlobalSection(ProjectConfigurationPlatforms) = postSolution
		{A9336B6D-01F4-4666-879A-1CB145E63AAB}.Debug|Any CPU.ActiveCfg = Debug|Any CPU
		{A9336B6D-01F4-4666-879A-1CB145E63AAB}.Debug|Any CPU.Build.0 = Debug|Any CPU
		{A9336B6D-01F4-4666-879A-1CB145E63AAB}.Release|Any CPU.ActiveCfg = Release|Any CPU
		{A9336B6D-01F4-4666-879A-1CB145E63AAB}.Release|Any CPU.Build.0 = Release|Any CPU
	EndGlobalSection
	GlobalSection(SolutionProperties) = preSolution
		HideSolutionNode = FALSE
	EndGlobalSection
	GlobalSection(ExtensibilityGlobals) = postSolution
		SolutionGuid = {95C283D6-329A-4D47-8857-8FCC300B07F2}
	EndGlobalSection
EndGlobal
